// !$*UTF8*$!
{
	archiveVersion = 1;
	classes = {
	};
	objectVersion = 46;
	objects = {

/* Begin PBXBuildFile section */
		84563FA51989C130001EE688 /* Swiftris.swift in Sources */ = {isa = PBXBuildFile; fileRef = 84563FA41989C130001EE688 /* Swiftris.swift */; };
		849AA1B619895EA200B8874E /* TShape.swift in Sources */ = {isa = PBXBuildFile; fileRef = 849AA1B519895EA200B8874E /* TShape.swift */; };
		849AA1B819895F0300B8874E /* LineShape.swift in Sources */ = {isa = PBXBuildFile; fileRef = 849AA1B719895F0300B8874E /* LineShape.swift */; };
		849AA1BA19895F5800B8874E /* LShape.swift in Sources */ = {isa = PBXBuildFile; fileRef = 849AA1B919895F5800B8874E /* LShape.swift */; };
		849AA1BC19895F8F00B8874E /* JShape.swift in Sources */ = {isa = PBXBuildFile; fileRef = 849AA1BB19895F8F00B8874E /* JShape.swift */; };
		849AA1BE19895FBD00B8874E /* SShape.swift in Sources */ = {isa = PBXBuildFile; fileRef = 849AA1BD19895FBD00B8874E /* SShape.swift */; };
		849AA1C019895FF500B8874E /* ZShape.swift in Sources */ = {isa = PBXBuildFile; fileRef = 849AA1BF19895FF500B8874E /* ZShape.swift */; };
		849CF8401988937F00F38C34 /* SquareShape.swift in Sources */ = {isa = PBXBuildFile; fileRef = 849CF83F1988937F00F38C34 /* SquareShape.swift */; };
		849D9E3B1988676D00664792 /* AppDelegate.swift in Sources */ = {isa = PBXBuildFile; fileRef = 849D9E3A1988676D00664792 /* AppDelegate.swift */; };
		849D9E3F1988676D00664792 /* GameScene.swift in Sources */ = {isa = PBXBuildFile; fileRef = 849D9E3E1988676D00664792 /* GameScene.swift */; };
		849D9E411988676D00664792 /* GameViewController.swift in Sources */ = {isa = PBXBuildFile; fileRef = 849D9E401988676D00664792 /* GameViewController.swift */; };
		849D9E441988676D00664792 /* Main.storyboard in Resources */ = {isa = PBXBuildFile; fileRef = 849D9E421988676D00664792 /* Main.storyboard */; };
		849D9E461988676D00664792 /* Images.xcassets in Resources */ = {isa = PBXBuildFile; fileRef = 849D9E451988676D00664792 /* Images.xcassets */; };
		849D9E521988676D00664792 /* SwiftrisTests.swift in Sources */ = {isa = PBXBuildFile; fileRef = 849D9E511988676D00664792 /* SwiftrisTests.swift */; };
		849D9E5C19886AB400664792 /* Sounds in Resources */ = {isa = PBXBuildFile; fileRef = 849D9E5B19886AB400664792 /* Sounds */; };
		849D9E5E19886B4000664792 /* Sprites.atlas in Resources */ = {isa = PBXBuildFile; fileRef = 849D9E5D19886B4000664792 /* Sprites.atlas */; };
		849D9E6519886B8200664792 /* background.png in Resources */ = {isa = PBXBuildFile; fileRef = 849D9E5F19886B8200664792 /* background.png */; };
		849D9E6619886B8200664792 /* background@2x.png in Resources */ = {isa = PBXBuildFile; fileRef = 849D9E6019886B8200664792 /* background@2x.png */; };
		849D9E6719886B8200664792 /* gameboard.png in Resources */ = {isa = PBXBuildFile; fileRef = 849D9E6119886B8200664792 /* gameboard.png */; };
		849D9E6819886B8200664792 /* gameboard@2x.png in Resources */ = {isa = PBXBuildFile; fileRef = 849D9E6219886B8200664792 /* gameboard@2x.png */; };
		849D9E6919886B8200664792 /* whitebg.png in Resources */ = {isa = PBXBuildFile; fileRef = 849D9E6319886B8200664792 /* whitebg.png */; };
		849D9E6A19886B8200664792 /* whitebg@2x.png in Resources */ = {isa = PBXBuildFile; fileRef = 849D9E6419886B8200664792 /* whitebg@2x.png */; };
		849D9E6C1988704200664792 /* Array2D.swift in Sources */ = {isa = PBXBuildFile; fileRef = 849D9E6B1988704200664792 /* Array2D.swift */; };
		849D9E6E1988786A00664792 /* Block.swift in Sources */ = {isa = PBXBuildFile; fileRef = 849D9E6D1988786A00664792 /* Block.swift */; };
		849D9E70198881CA00664792 /* Shape.swift in Sources */ = {isa = PBXBuildFile; fileRef = 849D9E6F198881CA00664792 /* Shape.swift */; };
/* End PBXBuildFile section */

/* Begin PBXContainerItemProxy section */
		849D9E4C1988676D00664792 /* PBXContainerItemProxy */ = {
			isa = PBXContainerItemProxy;
			containerPortal = 849D9E2D1988676D00664792 /* Project object */;
			proxyType = 1;
			remoteGlobalIDString = 849D9E341988676D00664792;
			remoteInfo = Swiftris;
		};
/* End PBXContainerItemProxy section */

/* Begin PBXFileReference section */
		84563FA41989C130001EE688 /* Swiftris.swift */ = {isa = PBXFileReference; fileEncoding = 4; lastKnownFileType = sourcecode.swift; path = Swiftris.swift; sourceTree = "<group>"; };
		849AA1B519895EA200B8874E /* TShape.swift */ = {isa = PBXFileReference; fileEncoding = 4; lastKnownFileType = sourcecode.swift; path = TShape.swift; sourceTree = "<group>"; };
		849AA1B719895F0300B8874E /* LineShape.swift */ = {isa = PBXFileReference; fileEncoding = 4; lastKnownFileType = sourcecode.swift; path = LineShape.swift; sourceTree = "<group>"; };
		849AA1B919895F5800B8874E /* LShape.swift */ = {isa = PBXFileReference; fileEncoding = 4; lastKnownFileType = sourcecode.swift; path = LShape.swift; sourceTree = "<group>"; };
		849AA1BB19895F8F00B8874E /* JShape.swift */ = {isa = PBXFileReference; fileEncoding = 4; lastKnownFileType = sourcecode.swift; path = JShape.swift; sourceTree = "<group>"; };
		849AA1BD19895FBD00B8874E /* SShape.swift */ = {isa = PBXFileReference; fileEncoding = 4; lastKnownFileType = sourcecode.swift; path = SShape.swift; sourceTree = "<group>"; };
		849AA1BF19895FF500B8874E /* ZShape.swift */ = {isa = PBXFileReference; fileEncoding = 4; lastKnownFileType = sourcecode.swift; path = ZShape.swift; sourceTree = "<group>"; };
		849CF83F1988937F00F38C34 /* SquareShape.swift */ = {isa = PBXFileReference; fileEncoding = 4; lastKnownFileType = sourcecode.swift; path = SquareShape.swift; sourceTree = "<group>"; };
		849D9E351988676D00664792 /* Swiftris.app */ = {isa = PBXFileReference; explicitFileType = wrapper.application; includeInIndex = 0; path = Swiftris.app; sourceTree = BUILT_PRODUCTS_DIR; };
		849D9E391988676D00664792 /* Info.plist */ = {isa = PBXFileReference; lastKnownFileType = text.plist.xml; path = Info.plist; sourceTree = "<group>"; };
		849D9E3A1988676D00664792 /* AppDelegate.swift */ = {isa = PBXFileReference; lastKnownFileType = sourcecode.swift; path = AppDelegate.swift; sourceTree = "<group>"; };
		849D9E3E1988676D00664792 /* GameScene.swift */ = {isa = PBXFileReference; lastKnownFileType = sourcecode.swift; path = GameScene.swift; sourceTree = "<group>"; };
		849D9E401988676D00664792 /* GameViewController.swift */ = {isa = PBXFileReference; lastKnownFileType = sourcecode.swift; path = GameViewController.swift; sourceTree = "<group>"; };
		849D9E431988676D00664792 /* Base */ = {isa = PBXFileReference; lastKnownFileType = file.storyboard; name = Base; path = Base.lproj/Main.storyboard; sourceTree = "<group>"; };
		849D9E451988676D00664792 /* Images.xcassets */ = {isa = PBXFileReference; lastKnownFileType = folder.assetcatalog; path = Images.xcassets; sourceTree = "<group>"; };
		849D9E4B1988676D00664792 /* SwiftrisTests.xctest */ = {isa = PBXFileReference; explicitFileType = wrapper.cfbundle; includeInIndex = 0; path = SwiftrisTests.xctest; sourceTree = BUILT_PRODUCTS_DIR; };
		849D9E501988676D00664792 /* Info.plist */ = {isa = PBXFileReference; lastKnownFileType = text.plist.xml; path = Info.plist; sourceTree = "<group>"; };
		849D9E511988676D00664792 /* SwiftrisTests.swift */ = {isa = PBXFileReference; lastKnownFileType = sourcecode.swift; path = SwiftrisTests.swift; sourceTree = "<group>"; };
		849D9E5B19886AB400664792 /* Sounds */ = {isa = PBXFileReference; lastKnownFileType = folder; path = Sounds; sourceTree = "<group>"; };
		849D9E5D19886B4000664792 /* Sprites.atlas */ = {isa = PBXFileReference; lastKnownFileType = folder.skatlas; path = Sprites.atlas; sourceTree = "<group>"; };
		849D9E5F19886B8200664792 /* background.png */ = {isa = PBXFileReference; lastKnownFileType = image.png; path = background.png; sourceTree = "<group>"; };
		849D9E6019886B8200664792 /* background@2x.png */ = {isa = PBXFileReference; lastKnownFileType = image.png; path = "background@2x.png"; sourceTree = "<group>"; };
		849D9E6119886B8200664792 /* gameboard.png */ = {isa = PBXFileReference; lastKnownFileType = image.png; path = gameboard.png; sourceTree = "<group>"; };
		849D9E6219886B8200664792 /* gameboard@2x.png */ = {isa = PBXFileReference; lastKnownFileType = image.png; path = "gameboard@2x.png"; sourceTree = "<group>"; };
		849D9E6319886B8200664792 /* whitebg.png */ = {isa = PBXFileReference; lastKnownFileType = image.png; path = whitebg.png; sourceTree = "<group>"; };
		849D9E6419886B8200664792 /* whitebg@2x.png */ = {isa = PBXFileReference; lastKnownFileType = image.png; path = "whitebg@2x.png"; sourceTree = "<group>"; };
		849D9E6B1988704200664792 /* Array2D.swift */ = {isa = PBXFileReference; fileEncoding = 4; lastKnownFileType = sourcecode.swift; path = Array2D.swift; sourceTree = "<group>"; };
		849D9E6D1988786A00664792 /* Block.swift */ = {isa = PBXFileReference; fileEncoding = 4; lastKnownFileType = sourcecode.swift; path = Block.swift; sourceTree = "<group>"; };
		849D9E6F198881CA00664792 /* Shape.swift */ = {isa = PBXFileReference; fileEncoding = 4; lastKnownFileType = sourcecode.swift; path = Shape.swift; sourceTree = "<group>"; };
/* End PBXFileReference section */

/* Begin PBXFrameworksBuildPhase section */
		849D9E321988676D00664792 /* Frameworks */ = {
			isa = PBXFrameworksBuildPhase;
			buildActionMask = 2147483647;
			files = (
			);
			runOnlyForDeploymentPostprocessing = 0;
		};
		849D9E481988676D00664792 /* Frameworks */ = {
			isa = PBXFrameworksBuildPhase;
			buildActionMask = 2147483647;
			files = (
			);
			runOnlyForDeploymentPostprocessing = 0;
		};
/* End PBXFrameworksBuildPhase section */

/* Begin PBXGroup section */
		849D9E2C1988676D00664792 = {
			isa = PBXGroup;
			children = (
				849D9E371988676D00664792 /* Swiftris */,
				849D9E4E1988676D00664792 /* SwiftrisTests */,
				849D9E361988676D00664792 /* Products */,
			);
			sourceTree = "<group>";
		};
		849D9E361988676D00664792 /* Products */ = {
			isa = PBXGroup;
			children = (
				849D9E351988676D00664792 /* Swiftris.app */,
				849D9E4B1988676D00664792 /* SwiftrisTests.xctest */,
			);
			name = Products;
			sourceTree = "<group>";
		};
		849D9E371988676D00664792 /* Swiftris */ = {
			isa = PBXGroup;
			children = (
				849D9E3A1988676D00664792 /* AppDelegate.swift */,
				849D9E3E1988676D00664792 /* GameScene.swift */,
				849D9E401988676D00664792 /* GameViewController.swift */,
				849D9E421988676D00664792 /* Main.storyboard */,
				849D9E5D19886B4000664792 /* Sprites.atlas */,
				849D9E451988676D00664792 /* Images.xcassets */,
				849D9E5B19886AB400664792 /* Sounds */,
				849D9E381988676D00664792 /* Supporting Files */,
				849D9E6B1988704200664792 /* Array2D.swift */,
				849D9E6D1988786A00664792 /* Block.swift */,
				849D9E6F198881CA00664792 /* Shape.swift */,
				849CF83F1988937F00F38C34 /* SquareShape.swift */,
				849AA1B519895EA200B8874E /* TShape.swift */,
				849AA1B719895F0300B8874E /* LineShape.swift */,
				849AA1B919895F5800B8874E /* LShape.swift */,
				849AA1BB19895F8F00B8874E /* JShape.swift */,
				849AA1BD19895FBD00B8874E /* SShape.swift */,
				849AA1BF19895FF500B8874E /* ZShape.swift */,
				84563FA41989C130001EE688 /* Swiftris.swift */,
			);
			path = Swiftris;
			sourceTree = "<group>";
		};
		849D9E381988676D00664792 /* Supporting Files */ = {
			isa = PBXGroup;
			children = (
				849D9E5F19886B8200664792 /* background.png */,
				849D9E6019886B8200664792 /* background@2x.png */,
				849D9E6119886B8200664792 /* gameboard.png */,
				849D9E6219886B8200664792 /* gameboard@2x.png */,
				849D9E6319886B8200664792 /* whitebg.png */,
				849D9E6419886B8200664792 /* whitebg@2x.png */,
				849D9E391988676D00664792 /* Info.plist */,
			);
			name = "Supporting Files";
			sourceTree = "<group>";
		};
		849D9E4E1988676D00664792 /* SwiftrisTests */ = {
			isa = PBXGroup;
			children = (
				849D9E511988676D00664792 /* SwiftrisTests.swift */,
				849D9E4F1988676D00664792 /* Supporting Files */,
			);
			path = SwiftrisTests;
			sourceTree = "<group>";
		};
		849D9E4F1988676D00664792 /* Supporting Files */ = {
			isa = PBXGroup;
			children = (
				849D9E501988676D00664792 /* Info.plist */,
			);
			name = "Supporting Files";
			sourceTree = "<group>";
		};
/* End PBXGroup section */

/* Begin PBXNativeTarget section */
		849D9E341988676D00664792 /* Swiftris */ = {
			isa = PBXNativeTarget;
			buildConfigurationList = 849D9E551988676D00664792 /* Build configuration list for PBXNativeTarget "Swiftris" */;
			buildPhases = (
				849D9E311988676D00664792 /* Sources */,
				849D9E321988676D00664792 /* Frameworks */,
				849D9E331988676D00664792 /* Resources */,
			);
			buildRules = (
			);
			dependencies = (
			);
			name = Swiftris;
			productName = Swiftris;
			productReference = 849D9E351988676D00664792 /* Swiftris.app */;
			productType = "com.apple.product-type.application";
		};
		849D9E4A1988676D00664792 /* SwiftrisTests */ = {
			isa = PBXNativeTarget;
			buildConfigurationList = 849D9E581988676D00664792 /* Build configuration list for PBXNativeTarget "SwiftrisTests" */;
			buildPhases = (
				849D9E471988676D00664792 /* Sources */,
				849D9E481988676D00664792 /* Frameworks */,
				849D9E491988676D00664792 /* Resources */,
			);
			buildRules = (
			);
			dependencies = (
				849D9E4D1988676D00664792 /* PBXTargetDependency */,
			);
			name = SwiftrisTests;
			productName = SwiftrisTests;
			productReference = 849D9E4B1988676D00664792 /* SwiftrisTests.xctest */;
			productType = "com.apple.product-type.bundle.unit-test";
		};
/* End PBXNativeTarget section */

/* Begin PBXProject section */
		849D9E2D1988676D00664792 /* Project object */ = {
			isa = PBXProject;
			attributes = {
				LastUpgradeCheck = 0600;
				ORGANIZATIONNAME = "Jordan Hudgens";
				TargetAttributes = {
					849D9E341988676D00664792 = {
						CreatedOnToolsVersion = 6.0;
					};
					849D9E4A1988676D00664792 = {
						CreatedOnToolsVersion = 6.0;
						TestTargetID = 849D9E341988676D00664792;
					};
				};
			};
			buildConfigurationList = 849D9E301988676D00664792 /* Build configuration list for PBXProject "Swiftris" */;
			compatibilityVersion = "Xcode 3.2";
			developmentRegion = English;
			hasScannedForEncodings = 0;
			knownRegions = (
				en,
				Base,
			);
			mainGroup = 849D9E2C1988676D00664792;
			productRefGroup = 849D9E361988676D00664792 /* Products */;
			projectDirPath = "";
			projectRoot = "";
			targets = (
				849D9E341988676D00664792 /* Swiftris */,
				849D9E4A1988676D00664792 /* SwiftrisTests */,
			);
		};
/* End PBXProject section */

/* Begin PBXResourcesBuildPhase section */
		849D9E331988676D00664792 /* Resources */ = {
			isa = PBXResourcesBuildPhase;
			buildActionMask = 2147483647;
			files = (
				849D9E5C19886AB400664792 /* Sounds in Resources */,
				849D9E6519886B8200664792 /* background.png in Resources */,
				849D9E461988676D00664792 /* Images.xcassets in Resources */,
				849D9E5E19886B4000664792 /* Sprites.atlas in Resources */,
				849D9E6719886B8200664792 /* gameboard.png in Resources */,
				849D9E6919886B8200664792 /* whitebg.png in Resources */,
				849D9E6619886B8200664792 /* background@2x.png in Resources */,
				849D9E6A19886B8200664792 /* whitebg@2x.png in Resources */,
				849D9E441988676D00664792 /* Main.storyboard in Resources */,
				849D9E6819886B8200664792 /* gameboard@2x.png in Resources */,
			);
			runOnlyForDeploymentPostprocessing = 0;
		};
		849D9E491988676D00664792 /* Resources */ = {
			isa = PBXResourcesBuildPhase;
			buildActionMask = 2147483647;
			files = (
			);
			runOnlyForDeploymentPostprocessing = 0;
		};
/* End PBXResourcesBuildPhase section */

/* Begin PBXSourcesBuildPhase section */
		849D9E311988676D00664792 /* Sources */ = {
			isa = PBXSourcesBuildPhase;
			buildActionMask = 2147483647;
			files = (
				849AA1BA19895F5800B8874E /* LShape.swift in Sources */,
				849CF8401988937F00F38C34 /* SquareShape.swift in Sources */,
				849D9E3F1988676D00664792 /* GameScene.swift in Sources */,
				849AA1BC19895F8F00B8874E /* JShape.swift in Sources */,
				84563FA51989C130001EE688 /* Swiftris.swift in Sources */,
				849D9E70198881CA00664792 /* Shape.swift in Sources */,
				849D9E6C1988704200664792 /* Array2D.swift in Sources */,
				849AA1B819895F0300B8874E /* LineShape.swift in Sources */,
				849AA1BE19895FBD00B8874E /* SShape.swift in Sources */,
				849AA1B619895EA200B8874E /* TShape.swift in Sources */,
				849D9E6E1988786A00664792 /* Block.swift in Sources */,
				849D9E411988676D00664792 /* GameViewController.swift in Sources */,
				849AA1C019895FF500B8874E /* ZShape.swift in Sources */,
				849D9E3B1988676D00664792 /* AppDelegate.swift in Sources */,
			);
			runOnlyForDeploymentPostprocessing = 0;
		};
		849D9E471988676D00664792 /* Sources */ = {
			isa = PBXSourcesBuildPhase;
			buildActionMask = 2147483647;
			files = (
				849D9E521988676D00664792 /* SwiftrisTests.swift in Sources */,
			);
			runOnlyForDeploymentPostprocessing = 0;
		};
/* End PBXSourcesBuildPhase section */

/* Begin PBXTargetDependency section */
		849D9E4D1988676D00664792 /* PBXTargetDependency */ = {
			isa = PBXTargetDependency;
			target = 849D9E341988676D00664792 /* Swiftris */;
			targetProxy = 849D9E4C1988676D00664792 /* PBXContainerItemProxy */;
		};
/* End PBXTargetDependency section */

/* Begin PBXVariantGroup section */
		849D9E421988676D00664792 /* Main.storyboard */ = {
			isa = PBXVariantGroup;
			children = (
				849D9E431988676D00664792 /* Base */,
			);
			name = Main.storyboard;
			sourceTree = "<group>";
		};
/* End PBXVariantGroup section */

/* Begin XCBuildConfiguration section */
		849D9E531988676D00664792 /* Debug */ = {
			isa = XCBuildConfiguration;
			buildSettings = {
				ALWAYS_SEARCH_USER_PATHS = NO;
				CLANG_CXX_LANGUAGE_STANDARD = "gnu++0x";
				CLANG_CXX_LIBRARY = "libc++";
				CLANG_ENABLE_MODULES = YES;
				CLANG_ENABLE_OBJC_ARC = YES;
				CLANG_WARN_BOOL_CONVERSION = YES;
				CLANG_WARN_CONSTANT_CONVERSION = YES;
				CLANG_WARN_DIRECT_OBJC_ISA_USAGE = YES_ERROR;
				CLANG_WARN_EMPTY_BODY = YES;
				CLANG_WARN_ENUM_CONVERSION = YES;
				CLANG_WARN_INT_CONVERSION = YES;
				CLANG_WARN_OBJC_ROOT_CLASS = YES_ERROR;
				CLANG_WARN_UNREACHABLE_CODE = YES;
				CLANG_WARN__DUPLICATE_METHOD_MATCH = YES;
				"CODE_SIGN_IDENTITY[sdk=iphoneos*]" = "iPhone Developer";
				COPY_PHASE_STRIP = NO;
				ENABLE_STRICT_OBJC_MSGSEND = YES;
				GCC_C_LANGUAGE_STANDARD = gnu99;
				GCC_DYNAMIC_NO_PIC = NO;
				GCC_OPTIMIZATION_LEVEL = 0;
				GCC_PREPROCESSOR_DEFINITIONS = (
					"DEBUG=1",
					"$(inherited)",
				);
				GCC_SYMBOLS_PRIVATE_EXTERN = NO;
				GCC_WARN_64_TO_32_BIT_CONVERSION = YES;
				GCC_WARN_ABOUT_RETURN_TYPE = YES_ERROR;
				GCC_WARN_UNDECLARED_SELECTOR = YES;
				GCC_WARN_UNINITIALIZED_AUTOS = YES_AGGRESSIVE;
				GCC_WARN_UNUSED_FUNCTION = YES;
				GCC_WARN_UNUSED_VARIABLE = YES;
				IPHONEOS_DEPLOYMENT_TARGET = 8.0;
				METAL_ENABLE_DEBUG_INFO = YES;
				ONLY_ACTIVE_ARCH = YES;
				SDKROOT = iphoneos;
				SWIFT_OPTIMIZATION_LEVEL = "-Onone";
			};
			name = Debug;
		};
		849D9E541988676D00664792 /* Release */ = {
			isa = XCBuildConfiguration;
			buildSettings = {
				ALWAYS_SEARCH_USER_PATHS = NO;
				CLANG_CXX_LANGUAGE_STANDARD = "gnu++0x";
				CLANG_CXX_LIBRARY = "libc++";
				CLANG_ENABLE_MODULES = YES;
				CLANG_ENABLE_OBJC_ARC = YES;
				CLANG_WARN_BOOL_CONVERSION = YES;
				CLANG_WARN_CONSTANT_CONVERSION = YES;
				CLANG_WARN_DIRECT_OBJC_ISA_USAGE = YES_ERROR;
				CLANG_WARN_EMPTY_BODY = YES;
				CLANG_WARN_ENUM_CONVERSION = YES;
				CLANG_WARN_INT_CONVERSION = YES;
				CLANG_WARN_OBJC_ROOT_CLASS = YES_ERROR;
				CLANG_WARN_UNREACHABLE_CODE = YES;
				CLANG_WARN__DUPLICATE_METHOD_MATCH = YES;
				"CODE_SIGN_IDENTITY[sdk=iphoneos*]" = "iPhone Developer";
				COPY_PHASE_STRIP = YES;
				ENABLE_NS_ASSERTIONS = NO;
				ENABLE_STRICT_OBJC_MSGSEND = YES;
				GCC_C_LANGUAGE_STANDARD = gnu99;
				GCC_WARN_64_TO_32_BIT_CONVERSION = YES;
				GCC_WARN_ABOUT_RETURN_TYPE = YES_ERROR;
				GCC_WARN_UNDECLARED_SELECTOR = YES;
				GCC_WARN_UNINITIALIZED_AUTOS = YES_AGGRESSIVE;
				GCC_WARN_UNUSED_FUNCTION = YES;
				GCC_WARN_UNUSED_VARIABLE = YES;
				IPHONEOS_DEPLOYMENT_TARGET = 8.0;
				METAL_ENABLE_DEBUG_INFO = NO;
				SDKROOT = iphoneos;
				VALIDATE_PRODUCT = YES;
			};
			name = Release;
		};
		849D9E561988676D00664792 /* Debug */ = {
			isa = XCBuildConfiguration;
			buildSettings = {
				ASSETCATALOG_COMPILER_APPICON_NAME = AppIcon;
				ASSETCATALOG_COMPILER_LAUNCHIMAGE_NAME = LaunchImage;
				INFOPLIST_FILE = Swiftris/Info.plist;
				LD_RUNPATH_SEARCH_PATHS = "$(inherited) @executable_path/Frameworks";
				PRODUCT_NAME = "$(TARGET_NAME)";
			};
			name = Debug;
		};
		849D9E571988676D00664792 /* Release */ = {
			isa = XCBuildConfiguration;
			buildSettings = {
				ASSETCATALOG_COMPILER_APPICON_NAME = AppIcon;
				ASSETCATALOG_COMPILER_LAUNCHIMAGE_NAME = LaunchImage;
				INFOPLIST_FILE = Swiftris/Info.plist;
				LD_RUNPATH_SEARCH_PATHS = "$(inherited) @executable_path/Frameworks";
				PRODUCT_NAME = "$(TARGET_NAME)";
			};
			name = Release;
		};
		849D9E591988676D00664792 /* Debug */ = {
			isa = XCBuildConfiguration;
			buildSettings = {
				BUNDLE_LOADER = "$(BUILT_PRODUCTS_DIR)/Swiftris.app/Swiftris";
				FRAMEWORK_SEARCH_PATHS = (
					"$(SDKROOT)/Developer/Library/Frameworks",
					"$(inherited)",
				);
				GCC_PREPROCESSOR_DEFINITIONS = (
					"DEBUG=1",
					"$(inherited)",
				);
				INFOPLIST_FILE = SwiftrisTests/Info.plist;
				LD_RUNPATH_SEARCH_PATHS = "$(inherited) @executable_path/Frameworks @loader_path/Frameworks";
				METAL_ENABLE_DEBUG_INFO = YES;
				PRODUCT_NAME = "$(TARGET_NAME)";
				TEST_HOST = "$(BUNDLE_LOADER)";
			};
			name = Debug;
		};
		849D9E5A1988676D00664792 /* Release */ = {
			isa = XCBuildConfiguration;
			buildSettings = {
				BUNDLE_LOADER = "$(BUILT_PRODUCTS_DIR)/Swiftris.app/Swiftris";
				FRAMEWORK_SEARCH_PATHS = (
					"$(SDKROOT)/Developer/Library/Frameworks",
					"$(inherited)",
				);
				INFOPLIST_FILE = SwiftrisTests/Info.plist;
				LD_RUNPATH_SEARCH_PATHS = "$(inherited) @executable_path/Frameworks @loader_path/Frameworks";
				METAL_ENABLE_DEBUG_INFO = NO;
				PRODUCT_NAME = "$(TARGET_NAME)";
				TEST_HOST = "$(BUNDLE_LOADER)";
			};
			name = Release;
		};
/* End XCBuildConfiguration section */

/* Begin XCConfigurationList section */
		849D9E301988676D00664792 /* Build configuration list for PBXProject "Swiftris" */ = {
			isa = XCConfigurationList;
			buildConfigurations = (
				849D9E531988676D00664792 /* Debug */,
				849D9E541988676D00664792 /* Release */,
			);
			defaultConfigurationIsVisible = 0;
			defaultConfigurationName = Release;
		};
		849D9E551988676D00664792 /* Build configuration list for PBXNativeTarget "Swiftris" */ = {
			isa = XCConfigurationList;
			buildConfigurations = (
				849D9E561988676D00664792 /* Debug */,
				849D9E571988676D00664792 /* Release */,
			);
			defaultConfigurationIsVisible = 0;
			defaultConfigurationName = Release;
		};
		849D9E581988676D00664792 /* Build configuration list for PBXNativeTarget "SwiftrisTests" */ = {
			isa = XCConfigurationList;
			buildConfigurations = (
				849D9E591988676D00664792 /* Debug */,
				849D9E5A1988676D00664792 /* Release */,
			);
			defaultConfigurationIsVisible = 0;
			defaultConfigurationName = Release;
		};
/* End XCConfigurationList section */
	};
	rootObject = 849D9E2D1988676D00664792 /* Project object */;
}
